// !$*UTF8*$!
{
	archiveVersion = 1;
	classes = {
	};
	objectVersion = 46;
	objects = {

/* Begin PBXBuildFile section */
		0A31DC731D392535008CD69A /* Match.swift in Sources */ = {isa = PBXBuildFile; fileRef = 0A31DC721D392535008CD69A /* Match.swift */; };
		0A6B62DA1D3A6C6200435C69 /* MatchController.swift in Sources */ = {isa = PBXBuildFile; fileRef = 0A6B62D91D3A6C6200435C69 /* MatchController.swift */; };
		0AC887701D36C75500430F05 /* AppDelegate.swift in Sources */ = {isa = PBXBuildFile; fileRef = 0AC8876F1D36C75500430F05 /* AppDelegate.swift */; };
		0AC887721D36C75500430F05 /* ViewController.swift in Sources */ = {isa = PBXBuildFile; fileRef = 0AC887711D36C75500430F05 /* ViewController.swift */; };
		0AC887751D36C75500430F05 /* Main.storyboard in Resources */ = {isa = PBXBuildFile; fileRef = 0AC887731D36C75500430F05 /* Main.storyboard */; };
		0AC887771D36C75500430F05 /* Assets.xcassets in Resources */ = {isa = PBXBuildFile; fileRef = 0AC887761D36C75500430F05 /* Assets.xcassets */; };
		0AC8877A1D36C75500430F05 /* LaunchScreen.storyboard in Resources */ = {isa = PBXBuildFile; fileRef = 0AC887781D36C75500430F05 /* LaunchScreen.storyboard */; };
		0AC887851D36C75500430F05 /* PronoIOTests.swift in Sources */ = {isa = PBXBuildFile; fileRef = 0AC887841D36C75500430F05 /* PronoIOTests.swift */; };
		0AC887901D36C75500430F05 /* PronoIOUITests.swift in Sources */ = {isa = PBXBuildFile; fileRef = 0AC8878F1D36C75500430F05 /* PronoIOUITests.swift */; };
		0ACD11B11D3A69D7002B8859 /* MatchCellTableView.swift in Sources */ = {isa = PBXBuildFile; fileRef = 0ACD11B01D3A69D7002B8859 /* MatchCellTableView.swift */; };
		210A330E1D44C2C4001C78F2 /* ProfilViewController.swift in Sources */ = {isa = PBXBuildFile; fileRef = 210A330D1D44C2C4001C78F2 /* ProfilViewController.swift */; };
		217DBB181D3BC72B00031D8F /* FBSDKCoreKit.framework in Frameworks */ = {isa = PBXBuildFile; fileRef = 217DBB161D3BC72B00031D8F /* FBSDKCoreKit.framework */; };
		217DBB191D3BC72B00031D8F /* FBSDKLoginKit.framework in Frameworks */ = {isa = PBXBuildFile; fileRef = 217DBB171D3BC72B00031D8F /* FBSDKLoginKit.framework */; };
		21DB04741D47CA800006B0A0 /* PronosticViewController.swift in Sources */ = {isa = PBXBuildFile; fileRef = 21DB04731D47CA800006B0A0 /* PronosticViewController.swift */; };
		21EFCF171D4BA7E900E7450D /* DoneMatchController.swift in Sources */ = {isa = PBXBuildFile; fileRef = 21EFCF161D4BA7E900E7450D /* DoneMatchController.swift */; };
		21EFCF191D4BA9CC00E7450D /* DoneMatchTableViewCell.swift in Sources */ = {isa = PBXBuildFile; fileRef = 21EFCF181D4BA9CC00E7450D /* DoneMatchTableViewCell.swift */; };
		21FFB7DE1D39130B005CA591 /* LoginViewController.swift in Sources */ = {isa = PBXBuildFile; fileRef = 21FFB7DD1D39130B005CA591 /* LoginViewController.swift */; };
		21FFB7E01D39161D005CA591 /* SignUpViewController.swift in Sources */ = {isa = PBXBuildFile; fileRef = 21FFB7DF1D39161D005CA591 /* SignUpViewController.swift */; };
		21FFB7E41D392ECE005CA591 /* GoogleService-Info.plist in Resources */ = {isa = PBXBuildFile; fileRef = 21FFB7E31D392ECE005CA591 /* GoogleService-Info.plist */; };
		974480274243B1686522CB91 /* libPods-PronoIO.a in Frameworks */ = {isa = PBXBuildFile; fileRef = 7F8279B3CF06E0216C111D8E /* libPods-PronoIO.a */; };
/* End PBXBuildFile section */

/* Begin PBXContainerItemProxy section */
		0AC887811D36C75500430F05 /* PBXContainerItemProxy */ = {
			isa = PBXContainerItemProxy;
			containerPortal = 0AC887641D36C75500430F05 /* Project object */;
			proxyType = 1;
			remoteGlobalIDString = 0AC8876B1D36C75500430F05;
			remoteInfo = PronoIO;
		};
		0AC8878C1D36C75500430F05 /* PBXContainerItemProxy */ = {
			isa = PBXContainerItemProxy;
			containerPortal = 0AC887641D36C75500430F05 /* Project object */;
			proxyType = 1;
			remoteGlobalIDString = 0AC8876B1D36C75500430F05;
			remoteInfo = PronoIO;
		};
/* End PBXContainerItemProxy section */

/* Begin PBXFileReference section */
		0A31DC721D392535008CD69A /* Match.swift */ = {isa = PBXFileReference; fileEncoding = 4; lastKnownFileType = sourcecode.swift; path = Match.swift; sourceTree = "<group>"; };
		0A6B62D91D3A6C6200435C69 /* MatchController.swift */ = {isa = PBXFileReference; fileEncoding = 4; lastKnownFileType = sourcecode.swift; path = MatchController.swift; sourceTree = "<group>"; };
		0AC8876C1D36C75500430F05 /* PronoIO.app */ = {isa = PBXFileReference; explicitFileType = wrapper.application; includeInIndex = 0; path = PronoIO.app; sourceTree = BUILT_PRODUCTS_DIR; };
		0AC8876F1D36C75500430F05 /* AppDelegate.swift */ = {isa = PBXFileReference; lastKnownFileType = sourcecode.swift; path = AppDelegate.swift; sourceTree = "<group>"; };
		0AC887711D36C75500430F05 /* ViewController.swift */ = {isa = PBXFileReference; lastKnownFileType = sourcecode.swift; path = ViewController.swift; sourceTree = "<group>"; };
		0AC887741D36C75500430F05 /* Base */ = {isa = PBXFileReference; lastKnownFileType = file.storyboard; name = Base; path = Base.lproj/Main.storyboard; sourceTree = "<group>"; };
		0AC887761D36C75500430F05 /* Assets.xcassets */ = {isa = PBXFileReference; lastKnownFileType = folder.assetcatalog; path = Assets.xcassets; sourceTree = "<group>"; };
		0AC887791D36C75500430F05 /* Base */ = {isa = PBXFileReference; lastKnownFileType = file.storyboard; name = Base; path = Base.lproj/LaunchScreen.storyboard; sourceTree = "<group>"; };
		0AC8877B1D36C75500430F05 /* Info.plist */ = {isa = PBXFileReference; lastKnownFileType = text.plist.xml; path = Info.plist; sourceTree = "<group>"; };
		0AC887801D36C75500430F05 /* PronoIOTests.xctest */ = {isa = PBXFileReference; explicitFileType = wrapper.cfbundle; includeInIndex = 0; path = PronoIOTests.xctest; sourceTree = BUILT_PRODUCTS_DIR; };
		0AC887841D36C75500430F05 /* PronoIOTests.swift */ = {isa = PBXFileReference; lastKnownFileType = sourcecode.swift; path = PronoIOTests.swift; sourceTree = "<group>"; };
		0AC887861D36C75500430F05 /* Info.plist */ = {isa = PBXFileReference; lastKnownFileType = text.plist.xml; path = Info.plist; sourceTree = "<group>"; };
		0AC8878B1D36C75500430F05 /* PronoIOUITests.xctest */ = {isa = PBXFileReference; explicitFileType = wrapper.cfbundle; includeInIndex = 0; path = PronoIOUITests.xctest; sourceTree = BUILT_PRODUCTS_DIR; };
		0AC8878F1D36C75500430F05 /* PronoIOUITests.swift */ = {isa = PBXFileReference; lastKnownFileType = sourcecode.swift; path = PronoIOUITests.swift; sourceTree = "<group>"; };
		0AC887911D36C75500430F05 /* Info.plist */ = {isa = PBXFileReference; lastKnownFileType = text.plist.xml; path = Info.plist; sourceTree = "<group>"; };
		0ACD11B01D3A69D7002B8859 /* MatchCellTableView.swift */ = {isa = PBXFileReference; fileEncoding = 4; lastKnownFileType = sourcecode.swift; path = MatchCellTableView.swift; sourceTree = "<group>"; };
		210A330D1D44C2C4001C78F2 /* ProfilViewController.swift */ = {isa = PBXFileReference; fileEncoding = 4; lastKnownFileType = sourcecode.swift; path = ProfilViewController.swift; sourceTree = "<group>"; };
		217DBAF51D3BC0F700031D8F /* Bridging-Header.h */ = {isa = PBXFileReference; lastKnownFileType = sourcecode.c.h; path = "Bridging-Header.h"; sourceTree = "<group>"; };
		217DBB161D3BC72B00031D8F /* FBSDKCoreKit.framework */ = {isa = PBXFileReference; lastKnownFileType = wrapper.framework; path = FBSDKCoreKit.framework; sourceTree = "<group>"; };
		217DBB171D3BC72B00031D8F /* FBSDKLoginKit.framework */ = {isa = PBXFileReference; lastKnownFileType = wrapper.framework; path = FBSDKLoginKit.framework; sourceTree = "<group>"; };
		21DB04731D47CA800006B0A0 /* PronosticViewController.swift */ = {isa = PBXFileReference; fileEncoding = 4; lastKnownFileType = sourcecode.swift; path = PronosticViewController.swift; sourceTree = "<group>"; };
		21EFCF161D4BA7E900E7450D /* DoneMatchController.swift */ = {isa = PBXFileReference; fileEncoding = 4; lastKnownFileType = sourcecode.swift; path = DoneMatchController.swift; sourceTree = "<group>"; };
		21EFCF181D4BA9CC00E7450D /* DoneMatchTableViewCell.swift */ = {isa = PBXFileReference; fileEncoding = 4; lastKnownFileType = sourcecode.swift; path = DoneMatchTableViewCell.swift; sourceTree = "<group>"; };
		21FFB7DD1D39130B005CA591 /* LoginViewController.swift */ = {isa = PBXFileReference; fileEncoding = 4; lastKnownFileType = sourcecode.swift; path = LoginViewController.swift; sourceTree = "<group>"; };
		21FFB7DF1D39161D005CA591 /* SignUpViewController.swift */ = {isa = PBXFileReference; fileEncoding = 4; lastKnownFileType = sourcecode.swift; path = SignUpViewController.swift; sourceTree = "<group>"; };
		21FFB7E31D392ECE005CA591 /* GoogleService-Info.plist */ = {isa = PBXFileReference; fileEncoding = 4; lastKnownFileType = text.plist.xml; path = "GoogleService-Info.plist"; sourceTree = "<group>"; };
		7F8279B3CF06E0216C111D8E /* libPods-PronoIO.a */ = {isa = PBXFileReference; explicitFileType = archive.ar; includeInIndex = 0; path = "libPods-PronoIO.a"; sourceTree = BUILT_PRODUCTS_DIR; };
		B2859A9F78851923E65346C4 /* Pods-PronoIO.release.xcconfig */ = {isa = PBXFileReference; includeInIndex = 1; lastKnownFileType = text.xcconfig; name = "Pods-PronoIO.release.xcconfig"; path = "Pods/Target Support Files/Pods-PronoIO/Pods-PronoIO.release.xcconfig"; sourceTree = "<group>"; };
		CCCBEB9CE86BE1C46AD3ABBA /* Pods-PronoIO.debug.xcconfig */ = {isa = PBXFileReference; includeInIndex = 1; lastKnownFileType = text.xcconfig; name = "Pods-PronoIO.debug.xcconfig"; path = "Pods/Target Support Files/Pods-PronoIO/Pods-PronoIO.debug.xcconfig"; sourceTree = "<group>"; };
/* End PBXFileReference section */

/* Begin PBXFrameworksBuildPhase section */
		0AC887691D36C75500430F05 /* Frameworks */ = {
			isa = PBXFrameworksBuildPhase;
			buildActionMask = 2147483647;
			files = (
				974480274243B1686522CB91 /* libPods-PronoIO.a in Frameworks */,
				217DBB181D3BC72B00031D8F /* FBSDKCoreKit.framework in Frameworks */,
				217DBB191D3BC72B00031D8F /* FBSDKLoginKit.framework in Frameworks */,
			);
			runOnlyForDeploymentPostprocessing = 0;
		};
		0AC8877D1D36C75500430F05 /* Frameworks */ = {
			isa = PBXFrameworksBuildPhase;
			buildActionMask = 2147483647;
			files = (
			);
			runOnlyForDeploymentPostprocessing = 0;
		};
		0AC887881D36C75500430F05 /* Frameworks */ = {
			isa = PBXFrameworksBuildPhase;
			buildActionMask = 2147483647;
			files = (
			);
			runOnlyForDeploymentPostprocessing = 0;
		};
/* End PBXFrameworksBuildPhase section */

/* Begin PBXGroup section */
		091DD6817CF1252E8113DBD3 /* Pods */ = {
			isa = PBXGroup;
			children = (
				CCCBEB9CE86BE1C46AD3ABBA /* Pods-PronoIO.debug.xcconfig */,
				B2859A9F78851923E65346C4 /* Pods-PronoIO.release.xcconfig */,
			);
			name = Pods;
			sourceTree = "<group>";
		};
		0AC887631D36C75500430F05 = {
			isa = PBXGroup;
			children = (
				0AC8876E1D36C75500430F05 /* PronoIO */,
				0AC887831D36C75500430F05 /* PronoIOTests */,
				0AC8878E1D36C75500430F05 /* PronoIOUITests */,
				0AC8876D1D36C75500430F05 /* Products */,
				091DD6817CF1252E8113DBD3 /* Pods */,
				E26E39564103B57352A7DFE9 /* Frameworks */,
			);
			sourceTree = "<group>";
		};
		0AC8876D1D36C75500430F05 /* Products */ = {
			isa = PBXGroup;
			children = (
				0AC8876C1D36C75500430F05 /* PronoIO.app */,
				0AC887801D36C75500430F05 /* PronoIOTests.xctest */,
				0AC8878B1D36C75500430F05 /* PronoIOUITests.xctest */,
			);
			name = Products;
			sourceTree = "<group>";
		};
		0AC8876E1D36C75500430F05 /* PronoIO */ = {
			isa = PBXGroup;
			children = (
				21FFB7E31D392ECE005CA591 /* GoogleService-Info.plist */,
				0AC8876F1D36C75500430F05 /* AppDelegate.swift */,
				21FFB7DD1D39130B005CA591 /* LoginViewController.swift */,
				21FFB7DF1D39161D005CA591 /* SignUpViewController.swift */,
				0AC887711D36C75500430F05 /* ViewController.swift */,
				0A6B62D91D3A6C6200435C69 /* MatchController.swift */,
				21EFCF161D4BA7E900E7450D /* DoneMatchController.swift */,
				210A330D1D44C2C4001C78F2 /* ProfilViewController.swift */,
				0AC887731D36C75500430F05 /* Main.storyboard */,
				21DB04731D47CA800006B0A0 /* PronosticViewController.swift */,
				0A31DC721D392535008CD69A /* Match.swift */,
				0ACD11AF1D3A69C3002B8859 /* Cells */,
				0AC887761D36C75500430F05 /* Assets.xcassets */,
				0AC887781D36C75500430F05 /* LaunchScreen.storyboard */,
				0AC8877B1D36C75500430F05 /* Info.plist */,
				217DBAF51D3BC0F700031D8F /* Bridging-Header.h */,
			);
			path = PronoIO;
			sourceTree = "<group>";
		};
		0AC887831D36C75500430F05 /* PronoIOTests */ = {
			isa = PBXGroup;
			children = (
				0AC887841D36C75500430F05 /* PronoIOTests.swift */,
				0AC887861D36C75500430F05 /* Info.plist */,
			);
			path = PronoIOTests;
			sourceTree = "<group>";
		};
		0AC8878E1D36C75500430F05 /* PronoIOUITests */ = {
			isa = PBXGroup;
			children = (
				0AC8878F1D36C75500430F05 /* PronoIOUITests.swift */,
				0AC887911D36C75500430F05 /* Info.plist */,
			);
			path = PronoIOUITests;
			sourceTree = "<group>";
		};
		0ACD11AF1D3A69C3002B8859 /* Cells */ = {
			isa = PBXGroup;
			children = (
				0ACD11B01D3A69D7002B8859 /* MatchCellTableView.swift */,
				21EFCF181D4BA9CC00E7450D /* DoneMatchTableViewCell.swift */,
			);
			name = Cells;
			sourceTree = "<group>";
		};
		E26E39564103B57352A7DFE9 /* Frameworks */ = {
			isa = PBXGroup;
			children = (
				217DBB161D3BC72B00031D8F /* FBSDKCoreKit.framework */,
				217DBB171D3BC72B00031D8F /* FBSDKLoginKit.framework */,
				7F8279B3CF06E0216C111D8E /* libPods-PronoIO.a */,
			);
			name = Frameworks;
			sourceTree = "<group>";
		};
/* End PBXGroup section */

/* Begin PBXNativeTarget section */
		0AC8876B1D36C75500430F05 /* PronoIO */ = {
			isa = PBXNativeTarget;
			buildConfigurationList = 0AC887941D36C75500430F05 /* Build configuration list for PBXNativeTarget "PronoIO" */;
			buildPhases = (
				FC90D7996F166426AEC5DD5C /* 📦 Check Pods Manifest.lock */,
				0AC887681D36C75500430F05 /* Sources */,
				0AC887691D36C75500430F05 /* Frameworks */,
				0AC8876A1D36C75500430F05 /* Resources */,
				8407A1674D7CD497797D9975 /* 📦 Embed Pods Frameworks */,
				9F830B530C532D1BF549F6F7 /* 📦 Copy Pods Resources */,
			);
			buildRules = (
			);
			dependencies = (
			);
			name = PronoIO;
			productName = PronoIO;
			productReference = 0AC8876C1D36C75500430F05 /* PronoIO.app */;
			productType = "com.apple.product-type.application";
		};
		0AC8877F1D36C75500430F05 /* PronoIOTests */ = {
			isa = PBXNativeTarget;
			buildConfigurationList = 0AC887971D36C75500430F05 /* Build configuration list for PBXNativeTarget "PronoIOTests" */;
			buildPhases = (
				0AC8877C1D36C75500430F05 /* Sources */,
				0AC8877D1D36C75500430F05 /* Frameworks */,
				0AC8877E1D36C75500430F05 /* Resources */,
			);
			buildRules = (
			);
			dependencies = (
				0AC887821D36C75500430F05 /* PBXTargetDependency */,
			);
			name = PronoIOTests;
			productName = PronoIOTests;
			productReference = 0AC887801D36C75500430F05 /* PronoIOTests.xctest */;
			productType = "com.apple.product-type.bundle.unit-test";
		};
		0AC8878A1D36C75500430F05 /* PronoIOUITests */ = {
			isa = PBXNativeTarget;
			buildConfigurationList = 0AC8879A1D36C75500430F05 /* Build configuration list for PBXNativeTarget "PronoIOUITests" */;
			buildPhases = (
				0AC887871D36C75500430F05 /* Sources */,
				0AC887881D36C75500430F05 /* Frameworks */,
				0AC887891D36C75500430F05 /* Resources */,
			);
			buildRules = (
			);
			dependencies = (
				0AC8878D1D36C75500430F05 /* PBXTargetDependency */,
			);
			name = PronoIOUITests;
			productName = PronoIOUITests;
			productReference = 0AC8878B1D36C75500430F05 /* PronoIOUITests.xctest */;
			productType = "com.apple.product-type.bundle.ui-testing";
		};
/* End PBXNativeTarget section */

/* Begin PBXProject section */
		0AC887641D36C75500430F05 /* Project object */ = {
			isa = PBXProject;
			attributes = {
				LastSwiftUpdateCheck = 0730;
				LastUpgradeCheck = 0730;
				ORGANIZATIONNAME = "Kevin Empociello";
				TargetAttributes = {
					0AC8876B1D36C75500430F05 = {
						CreatedOnToolsVersion = 7.3;
						DevelopmentTeam = C2R5QEKN74;
					};
					0AC8877F1D36C75500430F05 = {
						CreatedOnToolsVersion = 7.3;
						TestTargetID = 0AC8876B1D36C75500430F05;
					};
					0AC8878A1D36C75500430F05 = {
						CreatedOnToolsVersion = 7.3;
						TestTargetID = 0AC8876B1D36C75500430F05;
					};
				};
			};
			buildConfigurationList = 0AC887671D36C75500430F05 /* Build configuration list for PBXProject "PronoIO" */;
			compatibilityVersion = "Xcode 3.2";
			developmentRegion = English;
			hasScannedForEncodings = 0;
			knownRegions = (
				en,
				Base,
			);
			mainGroup = 0AC887631D36C75500430F05;
			productRefGroup = 0AC8876D1D36C75500430F05 /* Products */;
			projectDirPath = "";
			projectRoot = "";
			targets = (
				0AC8876B1D36C75500430F05 /* PronoIO */,
				0AC8877F1D36C75500430F05 /* PronoIOTests */,
				0AC8878A1D36C75500430F05 /* PronoIOUITests */,
			);
		};
/* End PBXProject section */

/* Begin PBXResourcesBuildPhase section */
		0AC8876A1D36C75500430F05 /* Resources */ = {
			isa = PBXResourcesBuildPhase;
			buildActionMask = 2147483647;
			files = (
				21FFB7E41D392ECE005CA591 /* GoogleService-Info.plist in Resources */,
				0AC8877A1D36C75500430F05 /* LaunchScreen.storyboard in Resources */,
				0AC887771D36C75500430F05 /* Assets.xcassets in Resources */,
				0AC887751D36C75500430F05 /* Main.storyboard in Resources */,
			);
			runOnlyForDeploymentPostprocessing = 0;
		};
		0AC8877E1D36C75500430F05 /* Resources */ = {
			isa = PBXResourcesBuildPhase;
			buildActionMask = 2147483647;
			files = (
			);
			runOnlyForDeploymentPostprocessing = 0;
		};
		0AC887891D36C75500430F05 /* Resources */ = {
			isa = PBXResourcesBuildPhase;
			buildActionMask = 2147483647;
			files = (
			);
			runOnlyForDeploymentPostprocessing = 0;
		};
/* End PBXResourcesBuildPhase section */

/* Begin PBXShellScriptBuildPhase section */
		8407A1674D7CD497797D9975 /* 📦 Embed Pods Frameworks */ = {
			isa = PBXShellScriptBuildPhase;
			buildActionMask = 2147483647;
			files = (
			);
			inputPaths = (
			);
			name = "📦 Embed Pods Frameworks";
			outputPaths = (
			);
			runOnlyForDeploymentPostprocessing = 0;
			shellPath = /bin/sh;
			shellScript = "\"${SRCROOT}/Pods/Target Support Files/Pods-PronoIO/Pods-PronoIO-frameworks.sh\"\n";
			showEnvVarsInLog = 0;
		};
		9F830B530C532D1BF549F6F7 /* 📦 Copy Pods Resources */ = {
			isa = PBXShellScriptBuildPhase;
			buildActionMask = 2147483647;
			files = (
			);
			inputPaths = (
			);
			name = "📦 Copy Pods Resources";
			outputPaths = (
			);
			runOnlyForDeploymentPostprocessing = 0;
			shellPath = /bin/sh;
			shellScript = "\"${SRCROOT}/Pods/Target Support Files/Pods-PronoIO/Pods-PronoIO-resources.sh\"\n";
			showEnvVarsInLog = 0;
		};
		FC90D7996F166426AEC5DD5C /* 📦 Check Pods Manifest.lock */ = {
			isa = PBXShellScriptBuildPhase;
			buildActionMask = 2147483647;
			files = (
			);
			inputPaths = (
			);
			name = "📦 Check Pods Manifest.lock";
			outputPaths = (
			);
			runOnlyForDeploymentPostprocessing = 0;
			shellPath = /bin/sh;
			shellScript = "diff \"${PODS_ROOT}/../Podfile.lock\" \"${PODS_ROOT}/Manifest.lock\" > /dev/null\nif [[ $? != 0 ]] ; then\n    cat << EOM\nerror: The sandbox is not in sync with the Podfile.lock. Run 'pod install' or update your CocoaPods installation.\nEOM\n    exit 1\nfi\n";
			showEnvVarsInLog = 0;
		};
/* End PBXShellScriptBuildPhase section */

/* Begin PBXSourcesBuildPhase section */
		0AC887681D36C75500430F05 /* Sources */ = {
			isa = PBXSourcesBuildPhase;
			buildActionMask = 2147483647;
			files = (
				210A330E1D44C2C4001C78F2 /* ProfilViewController.swift in Sources */,
				21EFCF191D4BA9CC00E7450D /* DoneMatchTableViewCell.swift in Sources */,
				21FFB7DE1D39130B005CA591 /* LoginViewController.swift in Sources */,
				0AC887721D36C75500430F05 /* ViewController.swift in Sources */,
				21FFB7E01D39161D005CA591 /* SignUpViewController.swift in Sources */,
				0ACD11B11D3A69D7002B8859 /* MatchCellTableView.swift in Sources */,
				0AC887701D36C75500430F05 /* AppDelegate.swift in Sources */,
				0A6B62DA1D3A6C6200435C69 /* MatchController.swift in Sources */,
				0A31DC731D392535008CD69A /* Match.swift in Sources */,
				21DB04741D47CA800006B0A0 /* PronosticViewController.swift in Sources */,
				21EFCF171D4BA7E900E7450D /* DoneMatchController.swift in Sources */,
			);
			runOnlyForDeploymentPostprocessing = 0;
		};
		0AC8877C1D36C75500430F05 /* Sources */ = {
			isa = PBXSourcesBuildPhase;
			buildActionMask = 2147483647;
			files = (
				0AC887851D36C75500430F05 /* PronoIOTests.swift in Sources */,
			);
			runOnlyForDeploymentPostprocessing = 0;
		};
		0AC887871D36C75500430F05 /* Sources */ = {
			isa = PBXSourcesBuildPhase;
			buildActionMask = 2147483647;
			files = (
				0AC887901D36C75500430F05 /* PronoIOUITests.swift in Sources */,
			);
			runOnlyForDeploymentPostprocessing = 0;
		};
/* End PBXSourcesBuildPhase section */

/* Begin PBXTargetDependency section */
		0AC887821D36C75500430F05 /* PBXTargetDependency */ = {
			isa = PBXTargetDependency;
			target = 0AC8876B1D36C75500430F05 /* PronoIO */;
			targetProxy = 0AC887811D36C75500430F05 /* PBXContainerItemProxy */;
		};
		0AC8878D1D36C75500430F05 /* PBXTargetDependency */ = {
			isa = PBXTargetDependency;
			target = 0AC8876B1D36C75500430F05 /* PronoIO */;
			targetProxy = 0AC8878C1D36C75500430F05 /* PBXContainerItemProxy */;
		};
/* End PBXTargetDependency section */

/* Begin PBXVariantGroup section */
		0AC887731D36C75500430F05 /* Main.storyboard */ = {
			isa = PBXVariantGroup;
			children = (
				0AC887741D36C75500430F05 /* Base */,
			);
			name = Main.storyboard;
			sourceTree = "<group>";
		};
		0AC887781D36C75500430F05 /* LaunchScreen.storyboard */ = {
			isa = PBXVariantGroup;
			children = (
				0AC887791D36C75500430F05 /* Base */,
			);
			name = LaunchScreen.storyboard;
			sourceTree = "<group>";
		};
/* End PBXVariantGroup section */

/* Begin XCBuildConfiguration section */
		0AC887921D36C75500430F05 /* Debug */ = {
			isa = XCBuildConfiguration;
			buildSettings = {
				ALWAYS_SEARCH_USER_PATHS = NO;
				CLANG_ANALYZER_NONNULL = YES;
				CLANG_CXX_LANGUAGE_STANDARD = "gnu++0x";
				CLANG_CXX_LIBRARY = "libc++";
				CLANG_ENABLE_MODULES = YES;
				CLANG_ENABLE_OBJC_ARC = YES;
				CLANG_WARN_BOOL_CONVERSION = YES;
				CLANG_WARN_CONSTANT_CONVERSION = YES;
				CLANG_WARN_DIRECT_OBJC_ISA_USAGE = YES_ERROR;
				CLANG_WARN_EMPTY_BODY = YES;
				CLANG_WARN_ENUM_CONVERSION = YES;
				CLANG_WARN_INT_CONVERSION = YES;
				CLANG_WARN_OBJC_ROOT_CLASS = YES_ERROR;
				CLANG_WARN_UNREACHABLE_CODE = YES;
				CLANG_WARN__DUPLICATE_METHOD_MATCH = YES;
				"CODE_SIGN_IDENTITY[sdk=iphoneos*]" = "iPhone Developer";
				COPY_PHASE_STRIP = NO;
				DEBUG_INFORMATION_FORMAT = dwarf;
				ENABLE_STRICT_OBJC_MSGSEND = YES;
				ENABLE_TESTABILITY = YES;
				GCC_C_LANGUAGE_STANDARD = gnu99;
				GCC_DYNAMIC_NO_PIC = NO;
				GCC_NO_COMMON_BLOCKS = YES;
				GCC_OPTIMIZATION_LEVEL = 0;
				GCC_PREPROCESSOR_DEFINITIONS = (
					"DEBUG=1",
					"$(inherited)",
				);
				GCC_WARN_64_TO_32_BIT_CONVERSION = YES;
				GCC_WARN_ABOUT_RETURN_TYPE = YES_ERROR;
				GCC_WARN_UNDECLARED_SELECTOR = YES;
				GCC_WARN_UNINITIALIZED_AUTOS = YES_AGGRESSIVE;
				GCC_WARN_UNUSED_FUNCTION = YES;
				GCC_WARN_UNUSED_VARIABLE = YES;
				IPHONEOS_DEPLOYMENT_TARGET = 9.3;
				MTL_ENABLE_DEBUG_INFO = YES;
				ONLY_ACTIVE_ARCH = YES;
				SDKROOT = iphoneos;
				SWIFT_OPTIMIZATION_LEVEL = "-Onone";
				TARGETED_DEVICE_FAMILY = "1,2";
			};
			name = Debug;
		};
		0AC887931D36C75500430F05 /* Release */ = {
			isa = XCBuildConfiguration;
			buildSettings = {
				ALWAYS_SEARCH_USER_PATHS = NO;
				CLANG_ANALYZER_NONNULL = YES;
				CLANG_CXX_LANGUAGE_STANDARD = "gnu++0x";
				CLANG_CXX_LIBRARY = "libc++";
				CLANG_ENABLE_MODULES = YES;
				CLANG_ENABLE_OBJC_ARC = YES;
				CLANG_WARN_BOOL_CONVERSION = YES;
				CLANG_WARN_CONSTANT_CONVERSION = YES;
				CLANG_WARN_DIRECT_OBJC_ISA_USAGE = YES_ERROR;
				CLANG_WARN_EMPTY_BODY = YES;
				CLANG_WARN_ENUM_CONVERSION = YES;
				CLANG_WARN_INT_CONVERSION = YES;
				CLANG_WARN_OBJC_ROOT_CLASS = YES_ERROR;
				CLANG_WARN_UNREACHABLE_CODE = YES;
				CLANG_WARN__DUPLICATE_METHOD_MATCH = YES;
				"CODE_SIGN_IDENTITY[sdk=iphoneos*]" = "iPhone Developer";
				COPY_PHASE_STRIP = NO;
				DEBUG_INFORMATION_FORMAT = "dwarf-with-dsym";
				ENABLE_NS_ASSERTIONS = NO;
				ENABLE_STRICT_OBJC_MSGSEND = YES;
				GCC_C_LANGUAGE_STANDARD = gnu99;
				GCC_NO_COMMON_BLOCKS = YES;
				GCC_WARN_64_TO_32_BIT_CONVERSION = YES;
				GCC_WARN_ABOUT_RETURN_TYPE = YES_ERROR;
				GCC_WARN_UNDECLARED_SELECTOR = YES;
				GCC_WARN_UNINITIALIZED_AUTOS = YES_AGGRESSIVE;
				GCC_WARN_UNUSED_FUNCTION = YES;
				GCC_WARN_UNUSED_VARIABLE = YES;
				IPHONEOS_DEPLOYMENT_TARGET = 9.3;
				MTL_ENABLE_DEBUG_INFO = NO;
				SDKROOT = iphoneos;
				TARGETED_DEVICE_FAMILY = "1,2";
				VALIDATE_PRODUCT = YES;
			};
			name = Release;
		};
		0AC887951D36C75500430F05 /* Debug */ = {
			isa = XCBuildConfiguration;
			baseConfigurationReference = CCCBEB9CE86BE1C46AD3ABBA /* Pods-PronoIO.debug.xcconfig */;
			buildSettings = {
				ASSETCATALOG_COMPILER_APPICON_NAME = AppIcon;
				CODE_SIGN_IDENTITY = "iPhone Developer";
				FRAMEWORK_SEARCH_PATHS = (
					"$(inherited)",
					"$(PROJECT_DIR)",
					"$(PROJECT_DIR)/PronoIO",
				);
				INFOPLIST_FILE = PronoIO/Info.plist;
				LD_RUNPATH_SEARCH_PATHS = "$(inherited) @executable_path/Frameworks";
				PRODUCT_BUNDLE_IDENTIFIER = com.allindevelopment.PronoIO;
				PRODUCT_NAME = "$(TARGET_NAME)";
				SWIFT_OBJC_BRIDGING_HEADER = "PronoIO/Bridging-Header.h";
			};
			name = Debug;
		};
		0AC887961D36C75500430F05 /* Release */ = {
			isa = XCBuildConfiguration;
			baseConfigurationReference = B2859A9F78851923E65346C4 /* Pods-PronoIO.release.xcconfig */;
			buildSettings = {
				ASSETCATALOG_COMPILER_APPICON_NAME = AppIcon;
				CODE_SIGN_IDENTITY = "iPhone Developer";
				FRAMEWORK_SEARCH_PATHS = (
					"$(inherited)",
					"$(PROJECT_DIR)",
					"$(PROJECT_DIR)/PronoIO",
				);
				INFOPLIST_FILE = PronoIO/Info.plist;
				LD_RUNPATH_SEARCH_PATHS = "$(inherited) @executable_path/Frameworks";
				PRODUCT_BUNDLE_IDENTIFIER = com.allindevelopment.PronoIO;
				PRODUCT_NAME = "$(TARGET_NAME)";
				SWIFT_OBJC_BRIDGING_HEADER = "PronoIO/Bridging-Header.h";
			};
			name = Release;
		};
		0AC887981D36C75500430F05 /* Debug */ = {
			isa = XCBuildConfiguration;
			buildSettings = {
				BUNDLE_LOADER = "$(TEST_HOST)";
				INFOPLIST_FILE = PronoIOTests/Info.plist;
				LD_RUNPATH_SEARCH_PATHS = "$(inherited) @executable_path/Frameworks @loader_path/Frameworks";
				PRODUCT_BUNDLE_IDENTIFIER = com.allindevelopment.PronoIOTests;
				PRODUCT_NAME = "$(TARGET_NAME)";
				TEST_HOST = "$(BUILT_PRODUCTS_DIR)/PronoIO.app/PronoIO";
			};
			name = Debug;
		};
		0AC887991D36C75500430F05 /* Release */ = {
			isa = XCBuildConfiguration;
			buildSettings = {
				BUNDLE_LOADER = "$(TEST_HOST)";
				INFOPLIST_FILE = PronoIOTests/Info.plist;
				LD_RUNPATH_SEARCH_PATHS = "$(inherited) @executable_path/Frameworks @loader_path/Frameworks";
				PRODUCT_BUNDLE_IDENTIFIER = com.allindevelopment.PronoIOTests;
				PRODUCT_NAME = "$(TARGET_NAME)";
				TEST_HOST = "$(BUILT_PRODUCTS_DIR)/PronoIO.app/PronoIO";
			};
			name = Release;
		};
		0AC8879B1D36C75500430F05 /* Debug */ = {
			isa = XCBuildConfiguration;
			buildSettings = {
				INFOPLIST_FILE = PronoIOUITests/Info.plist;
				LD_RUNPATH_SEARCH_PATHS = "$(inherited) @executable_path/Frameworks @loader_path/Frameworks";
				PRODUCT_BUNDLE_IDENTIFIER = com.allindevelopment.PronoIOUITests;
				PRODUCT_NAME = "$(TARGET_NAME)";
				TEST_TARGET_NAME = PronoIO;
			};
			name = Debug;
		};
		0AC8879C1D36C75500430F05 /* Release */ = {
			isa = XCBuildConfiguration;
			buildSettings = {
				INFOPLIST_FILE = PronoIOUITests/Info.plist;
				LD_RUNPATH_SEARCH_PATHS = "$(inherited) @executable_path/Frameworks @loader_path/Frameworks";
				PRODUCT_BUNDLE_IDENTIFIER = com.allindevelopment.PronoIOUITests;
				PRODUCT_NAME = "$(TARGET_NAME)";
				TEST_TARGET_NAME = PronoIO;
			};
			name = Release;
		};
/* End XCBuildConfiguration section */

/* Begin XCConfigurationList section */
		0AC887671D36C75500430F05 /* Build configuration list for PBXProject "PronoIO" */ = {
			isa = XCConfigurationList;
			buildConfigurations = (
				0AC887921D36C75500430F05 /* Debug */,
				0AC887931D36C75500430F05 /* Release */,
			);
			defaultConfigurationIsVisible = 0;
			defaultConfigurationName = Release;
		};
		0AC887941D36C75500430F05 /* Build configuration list for PBXNativeTarget "PronoIO" */ = {
			isa = XCConfigurationList;
			buildConfigurations = (
				0AC887951D36C75500430F05 /* Debug */,
				0AC887961D36C75500430F05 /* Release */,
			);
			defaultConfigurationIsVisible = 0;
			defaultConfigurationName = Release;
		};
		0AC887971D36C75500430F05 /* Build configuration list for PBXNativeTarget "PronoIOTests" */ = {
			isa = XCConfigurationList;
			buildConfigurations = (
				0AC887981D36C75500430F05 /* Debug */,
				0AC887991D36C75500430F05 /* Release */,
			);
			defaultConfigurationIsVisible = 0;
			defaultConfigurationName = Release;
		};
		0AC8879A1D36C75500430F05 /* Build configuration list for PBXNativeTarget "PronoIOUITests" */ = {
			isa = XCConfigurationList;
			buildConfigurations = (
				0AC8879B1D36C75500430F05 /* Debug */,
				0AC8879C1D36C75500430F05 /* Release */,
			);
			defaultConfigurationIsVisible = 0;
			defaultConfigurationName = Release;
		};
/* End XCConfigurationList section */
	};
	rootObject = 0AC887641D36C75500430F05 /* Project object */;
}
